// !$*UTF8*$!
{
	archiveVersion = 1;
	classes = {
	};
	objectVersion = 46;
	objects = {

/* Begin PBXBuildFile section */
		BE8B37CE1B202EDA0066C386 /* main.m in Sources */ = {isa = PBXBuildFile; fileRef = BE8B37CD1B202EDA0066C386 /* main.m */; };
		BE8B37D11B202EDA0066C386 /* AppDelegate.m in Sources */ = {isa = PBXBuildFile; fileRef = BE8B37D01B202EDA0066C386 /* AppDelegate.m */; };
		BE8B37D41B202EDA0066C386 /* CommunityBond.xcdatamodeld in Sources */ = {isa = PBXBuildFile; fileRef = BE8B37D21B202EDA0066C386 /* CommunityBond.xcdatamodeld */; };
		BE8B37D71B202EDA0066C386 /* ViewController.m in Sources */ = {isa = PBXBuildFile; fileRef = BE8B37D61B202EDA0066C386 /* ViewController.m */; };
		BE8B37DA1B202EDB0066C386 /* Main.storyboard in Resources */ = {isa = PBXBuildFile; fileRef = BE8B37D81B202EDB0066C386 /* Main.storyboard */; };
		BE8B37DC1B202EDB0066C386 /* Images.xcassets in Resources */ = {isa = PBXBuildFile; fileRef = BE8B37DB1B202EDB0066C386 /* Images.xcassets */; };
		BE8B37DF1B202EDB0066C386 /* LaunchScreen.xib in Resources */ = {isa = PBXBuildFile; fileRef = BE8B37DD1B202EDB0066C386 /* LaunchScreen.xib */; };
		BE8B37EB1B202EDB0066C386 /* CommunityBondTests.m in Sources */ = {isa = PBXBuildFile; fileRef = BE8B37EA1B202EDB0066C386 /* CommunityBondTests.m */; };
		BE8B37F61B202F760066C386 /* LoginViewController.m in Sources */ = {isa = PBXBuildFile; fileRef = BE8B37F51B202F760066C386 /* LoginViewController.m */; };
		BE8B37F91B204C650066C386 /* SignupViewController.m in Sources */ = {isa = PBXBuildFile; fileRef = BE8B37F81B204C650066C386 /* SignupViewController.m */; };
		BE8B37FC1B2072050066C386 /* MyChannelListViewController.m in Sources */ = {isa = PBXBuildFile; fileRef = BE8B37FB1B2072050066C386 /* MyChannelListViewController.m */; };
		BEADB57D1B450FD600FF0780 /* Lato-Bold.ttf in Resources */ = {isa = PBXBuildFile; fileRef = BEADB57A1B450FD600FF0780 /* Lato-Bold.ttf */; };
		BEADB57E1B450FD600FF0780 /* Lato-Light.ttf in Resources */ = {isa = PBXBuildFile; fileRef = BEADB57B1B450FD600FF0780 /* Lato-Light.ttf */; };
		BEADB57F1B450FD600FF0780 /* Lato-Regular.ttf in Resources */ = {isa = PBXBuildFile; fileRef = BEADB57C1B450FD600FF0780 /* Lato-Regular.ttf */; };
		BEB9B5FD1B21AC21001F95E9 /* rightMenu.xib in Resources */ = {isa = PBXBuildFile; fileRef = BEB9B5FC1B21AC21001F95E9 /* rightMenu.xib */; };
		BEB9B6001B21B095001F95E9 /* RightMenu.m in Sources */ = {isa = PBXBuildFile; fileRef = BEB9B5FF1B21B095001F95E9 /* RightMenu.m */; };
		BEC6F41E1B26A69000289BDA /* CrimeTableViewCell.m in Sources */ = {isa = PBXBuildFile; fileRef = BEC6F41D1B26A69000289BDA /* CrimeTableViewCell.m */; };
		BECCFB9A1B257283007DE197 /* LeftMenu.xib in Resources */ = {isa = PBXBuildFile; fileRef = BECCFB991B257283007DE197 /* LeftMenu.xib */; };
		BECCFB9D1B258E02007DE197 /* LeftMenu.m in Sources */ = {isa = PBXBuildFile; fileRef = BECCFB9C1B258E02007DE197 /* LeftMenu.m */; };
		BECCFBA01B25B163007DE197 /* Security&CrimeViewController.m in Sources */ = {isa = PBXBuildFile; fileRef = BECCFB9F1B25B163007DE197 /* Security&CrimeViewController.m */; };
/* End PBXBuildFile section */

/* Begin PBXContainerItemProxy section */
		BE8B37E51B202EDB0066C386 /* PBXContainerItemProxy */ = {
			isa = PBXContainerItemProxy;
			containerPortal = BE8B37C01B202EDA0066C386 /* Project object */;
			proxyType = 1;
			remoteGlobalIDString = BE8B37C71B202EDA0066C386;
			remoteInfo = CommunityBond;
		};
/* End PBXContainerItemProxy section */

/* Begin PBXFileReference section */
		BE8B37C81B202EDA0066C386 /* CommunityBond.app */ = {isa = PBXFileReference; explicitFileType = wrapper.application; includeInIndex = 0; path = CommunityBond.app; sourceTree = BUILT_PRODUCTS_DIR; };
		BE8B37CC1B202EDA0066C386 /* Info.plist */ = {isa = PBXFileReference; lastKnownFileType = text.plist.xml; path = Info.plist; sourceTree = "<group>"; };
		BE8B37CD1B202EDA0066C386 /* main.m */ = {isa = PBXFileReference; lastKnownFileType = sourcecode.c.objc; path = main.m; sourceTree = "<group>"; };
		BE8B37CF1B202EDA0066C386 /* AppDelegate.h */ = {isa = PBXFileReference; lastKnownFileType = sourcecode.c.h; path = AppDelegate.h; sourceTree = "<group>"; };
		BE8B37D01B202EDA0066C386 /* AppDelegate.m */ = {isa = PBXFileReference; lastKnownFileType = sourcecode.c.objc; path = AppDelegate.m; sourceTree = "<group>"; };
		BE8B37D31B202EDA0066C386 /* CommunityBond.xcdatamodel */ = {isa = PBXFileReference; lastKnownFileType = wrapper.xcdatamodel; path = CommunityBond.xcdatamodel; sourceTree = "<group>"; };
		BE8B37D51B202EDA0066C386 /* ViewController.h */ = {isa = PBXFileReference; lastKnownFileType = sourcecode.c.h; path = ViewController.h; sourceTree = "<group>"; };
		BE8B37D61B202EDA0066C386 /* ViewController.m */ = {isa = PBXFileReference; lastKnownFileType = sourcecode.c.objc; path = ViewController.m; sourceTree = "<group>"; };
		BE8B37D91B202EDB0066C386 /* Base */ = {isa = PBXFileReference; lastKnownFileType = file.storyboard; name = Base; path = Base.lproj/Main.storyboard; sourceTree = "<group>"; };
		BE8B37DB1B202EDB0066C386 /* Images.xcassets */ = {isa = PBXFileReference; lastKnownFileType = folder.assetcatalog; path = Images.xcassets; sourceTree = "<group>"; };
		BE8B37DE1B202EDB0066C386 /* Base */ = {isa = PBXFileReference; lastKnownFileType = file.xib; name = Base; path = Base.lproj/LaunchScreen.xib; sourceTree = "<group>"; };
		BE8B37E41B202EDB0066C386 /* CommunityBondTests.xctest */ = {isa = PBXFileReference; explicitFileType = wrapper.cfbundle; includeInIndex = 0; path = CommunityBondTests.xctest; sourceTree = BUILT_PRODUCTS_DIR; };
		BE8B37E91B202EDB0066C386 /* Info.plist */ = {isa = PBXFileReference; lastKnownFileType = text.plist.xml; path = Info.plist; sourceTree = "<group>"; };
		BE8B37EA1B202EDB0066C386 /* CommunityBondTests.m */ = {isa = PBXFileReference; lastKnownFileType = sourcecode.c.objc; path = CommunityBondTests.m; sourceTree = "<group>"; };
		BE8B37F41B202F760066C386 /* LoginViewController.h */ = {isa = PBXFileReference; fileEncoding = 4; lastKnownFileType = sourcecode.c.h; path = LoginViewController.h; sourceTree = "<group>"; };
		BE8B37F51B202F760066C386 /* LoginViewController.m */ = {isa = PBXFileReference; fileEncoding = 4; lastKnownFileType = sourcecode.c.objc; path = LoginViewController.m; sourceTree = "<group>"; };
		BE8B37F71B204C650066C386 /* SignupViewController.h */ = {isa = PBXFileReference; fileEncoding = 4; lastKnownFileType = sourcecode.c.h; path = SignupViewController.h; sourceTree = "<group>"; };
		BE8B37F81B204C650066C386 /* SignupViewController.m */ = {isa = PBXFileReference; fileEncoding = 4; lastKnownFileType = sourcecode.c.objc; path = SignupViewController.m; sourceTree = "<group>"; };
		BE8B37FA1B2072050066C386 /* MyChannelListViewController.h */ = {isa = PBXFileReference; fileEncoding = 4; lastKnownFileType = sourcecode.c.h; path = MyChannelListViewController.h; sourceTree = "<group>"; };
		BE8B37FB1B2072050066C386 /* MyChannelListViewController.m */ = {isa = PBXFileReference; fileEncoding = 4; lastKnownFileType = sourcecode.c.objc; path = MyChannelListViewController.m; sourceTree = "<group>"; };
		BEADB57A1B450FD600FF0780 /* Lato-Bold.ttf */ = {isa = PBXFileReference; lastKnownFileType = file; path = "Lato-Bold.ttf"; sourceTree = "<group>"; };
		BEADB57B1B450FD600FF0780 /* Lato-Light.ttf */ = {isa = PBXFileReference; lastKnownFileType = file; path = "Lato-Light.ttf"; sourceTree = "<group>"; };
		BEADB57C1B450FD600FF0780 /* Lato-Regular.ttf */ = {isa = PBXFileReference; lastKnownFileType = file; path = "Lato-Regular.ttf"; sourceTree = "<group>"; };
		BEB9B5FC1B21AC21001F95E9 /* rightMenu.xib */ = {isa = PBXFileReference; fileEncoding = 4; lastKnownFileType = file.xib; path = rightMenu.xib; sourceTree = "<group>"; };
		BEB9B5FE1B21B095001F95E9 /* RightMenu.h */ = {isa = PBXFileReference; fileEncoding = 4; lastKnownFileType = sourcecode.c.h; path = RightMenu.h; sourceTree = "<group>"; };
		BEB9B5FF1B21B095001F95E9 /* RightMenu.m */ = {isa = PBXFileReference; fileEncoding = 4; lastKnownFileType = sourcecode.c.objc; path = RightMenu.m; sourceTree = "<group>"; };
		BEC6F41C1B26A69000289BDA /* CrimeTableViewCell.h */ = {isa = PBXFileReference; fileEncoding = 4; lastKnownFileType = sourcecode.c.h; path = CrimeTableViewCell.h; sourceTree = "<group>"; };
		BEC6F41D1B26A69000289BDA /* CrimeTableViewCell.m */ = {isa = PBXFileReference; fileEncoding = 4; lastKnownFileType = sourcecode.c.objc; path = CrimeTableViewCell.m; sourceTree = "<group>"; };
		BECCFB991B257283007DE197 /* LeftMenu.xib */ = {isa = PBXFileReference; fileEncoding = 4; lastKnownFileType = file.xib; path = LeftMenu.xib; sourceTree = "<group>"; };
		BECCFB9B1B258E02007DE197 /* LeftMenu.h */ = {isa = PBXFileReference; fileEncoding = 4; lastKnownFileType = sourcecode.c.h; path = LeftMenu.h; sourceTree = "<group>"; };
		BECCFB9C1B258E02007DE197 /* LeftMenu.m */ = {isa = PBXFileReference; fileEncoding = 4; lastKnownFileType = sourcecode.c.objc; path = LeftMenu.m; sourceTree = "<group>"; };
		BECCFB9E1B25B163007DE197 /* Security&CrimeViewController.h */ = {isa = PBXFileReference; fileEncoding = 4; lastKnownFileType = sourcecode.c.h; path = "Security&CrimeViewController.h"; sourceTree = "<group>"; };
		BECCFB9F1B25B163007DE197 /* Security&CrimeViewController.m */ = {isa = PBXFileReference; fileEncoding = 4; lastKnownFileType = sourcecode.c.objc; path = "Security&CrimeViewController.m"; sourceTree = "<group>"; };
/* End PBXFileReference section */

/* Begin PBXFrameworksBuildPhase section */
		BE8B37C51B202EDA0066C386 /* Frameworks */ = {
			isa = PBXFrameworksBuildPhase;
			buildActionMask = 2147483647;
			files = (
			);
			runOnlyForDeploymentPostprocessing = 0;
		};
		BE8B37E11B202EDB0066C386 /* Frameworks */ = {
			isa = PBXFrameworksBuildPhase;
			buildActionMask = 2147483647;
			files = (
			);
			runOnlyForDeploymentPostprocessing = 0;
		};
/* End PBXFrameworksBuildPhase section */

/* Begin PBXGroup section */
		BE8B37BF1B202EDA0066C386 = {
			isa = PBXGroup;
			children = (
				BE8B37CA1B202EDA0066C386 /* CommunityBond */,
				BE8B37E71B202EDB0066C386 /* CommunityBondTests */,
				BE8B37C91B202EDA0066C386 /* Products */,
			);
			sourceTree = "<group>";
		};
		BE8B37C91B202EDA0066C386 /* Products */ = {
			isa = PBXGroup;
			children = (
				BE8B37C81B202EDA0066C386 /* CommunityBond.app */,
				BE8B37E41B202EDB0066C386 /* CommunityBondTests.xctest */,
			);
			name = Products;
			sourceTree = "<group>";
		};
		BE8B37CA1B202EDA0066C386 /* CommunityBond */ = {
			isa = PBXGroup;
			children = (
				BE8B37FD1B207EE30066C386 /* Fonts */,
				BE8B37CF1B202EDA0066C386 /* AppDelegate.h */,
				BE8B37D01B202EDA0066C386 /* AppDelegate.m */,
				BE8B37D51B202EDA0066C386 /* ViewController.h */,
				BE8B37D61B202EDA0066C386 /* ViewController.m */,
				BE8B37D81B202EDB0066C386 /* Main.storyboard */,
				BE8B37DB1B202EDB0066C386 /* Images.xcassets */,
				BE8B37DD1B202EDB0066C386 /* LaunchScreen.xib */,
				BE8B37D21B202EDA0066C386 /* CommunityBond.xcdatamodeld */,
				BE8B37CB1B202EDA0066C386 /* Supporting Files */,
				BE8B37F41B202F760066C386 /* LoginViewController.h */,
				BE8B37F51B202F760066C386 /* LoginViewController.m */,
				BE8B37F71B204C650066C386 /* SignupViewController.h */,
				BE8B37F81B204C650066C386 /* SignupViewController.m */,
				BE8B37FA1B2072050066C386 /* MyChannelListViewController.h */,
				BE8B37FB1B2072050066C386 /* MyChannelListViewController.m */,
				BEB9B5FC1B21AC21001F95E9 /* rightMenu.xib */,
				BEB9B5FE1B21B095001F95E9 /* RightMenu.h */,
				BEB9B5FF1B21B095001F95E9 /* RightMenu.m */,
				BECCFB991B257283007DE197 /* LeftMenu.xib */,
				BECCFB9B1B258E02007DE197 /* LeftMenu.h */,
				BECCFB9C1B258E02007DE197 /* LeftMenu.m */,
				BECCFB9E1B25B163007DE197 /* Security&CrimeViewController.h */,
				BECCFB9F1B25B163007DE197 /* Security&CrimeViewController.m */,
				BEC6F41C1B26A69000289BDA /* CrimeTableViewCell.h */,
				BEC6F41D1B26A69000289BDA /* CrimeTableViewCell.m */,
			);
			path = CommunityBond;
			sourceTree = "<group>";
		};
		BE8B37CB1B202EDA0066C386 /* Supporting Files */ = {
			isa = PBXGroup;
			children = (
				BE8B37CC1B202EDA0066C386 /* Info.plist */,
				BE8B37CD1B202EDA0066C386 /* main.m */,
			);
			name = "Supporting Files";
			sourceTree = "<group>";
		};
		BE8B37E71B202EDB0066C386 /* CommunityBondTests */ = {
			isa = PBXGroup;
			children = (
				BE8B37EA1B202EDB0066C386 /* CommunityBondTests.m */,
				BE8B37E81B202EDB0066C386 /* Supporting Files */,
			);
			path = CommunityBondTests;
			sourceTree = "<group>";
		};
		BE8B37E81B202EDB0066C386 /* Supporting Files */ = {
			isa = PBXGroup;
			children = (
				BE8B37E91B202EDB0066C386 /* Info.plist */,
			);
			name = "Supporting Files";
			sourceTree = "<group>";
		};
		BE8B37FD1B207EE30066C386 /* Fonts */ = {
			isa = PBXGroup;
			children = (
				BEADB57A1B450FD600FF0780 /* Lato-Bold.ttf */,
				BEADB57B1B450FD600FF0780 /* Lato-Light.ttf */,
				BEADB57C1B450FD600FF0780 /* Lato-Regular.ttf */,
			);
			name = Fonts;
			sourceTree = "<group>";
		};
/* End PBXGroup section */

/* Begin PBXNativeTarget section */
		BE8B37C71B202EDA0066C386 /* CommunityBond */ = {
			isa = PBXNativeTarget;
			buildConfigurationList = BE8B37EE1B202EDB0066C386 /* Build configuration list for PBXNativeTarget "CommunityBond" */;
			buildPhases = (
				BE8B37C41B202EDA0066C386 /* Sources */,
				BE8B37C51B202EDA0066C386 /* Frameworks */,
				BE8B37C61B202EDA0066C386 /* Resources */,
			);
			buildRules = (
			);
			dependencies = (
			);
			name = CommunityBond;
			productName = CommunityBond;
			productReference = BE8B37C81B202EDA0066C386 /* CommunityBond.app */;
			productType = "com.apple.product-type.application";
		};
		BE8B37E31B202EDB0066C386 /* CommunityBondTests */ = {
			isa = PBXNativeTarget;
			buildConfigurationList = BE8B37F11B202EDB0066C386 /* Build configuration list for PBXNativeTarget "CommunityBondTests" */;
			buildPhases = (
				BE8B37E01B202EDB0066C386 /* Sources */,
				BE8B37E11B202EDB0066C386 /* Frameworks */,
				BE8B37E21B202EDB0066C386 /* Resources */,
			);
			buildRules = (
			);
			dependencies = (
				BE8B37E61B202EDB0066C386 /* PBXTargetDependency */,
			);
			name = CommunityBondTests;
			productName = CommunityBondTests;
			productReference = BE8B37E41B202EDB0066C386 /* CommunityBondTests.xctest */;
			productType = "com.apple.product-type.bundle.unit-test";
		};
/* End PBXNativeTarget section */

/* Begin PBXProject section */
		BE8B37C01B202EDA0066C386 /* Project object */ = {
			isa = PBXProject;
			attributes = {
				LastUpgradeCheck = 0630;
				ORGANIZATIONNAME = esolz;
				TargetAttributes = {
					BE8B37C71B202EDA0066C386 = {
						CreatedOnToolsVersion = 6.3;
					};
					BE8B37E31B202EDB0066C386 = {
						CreatedOnToolsVersion = 6.3;
						TestTargetID = BE8B37C71B202EDA0066C386;
					};
				};
			};
			buildConfigurationList = BE8B37C31B202EDA0066C386 /* Build configuration list for PBXProject "CommunityBond" */;
			compatibilityVersion = "Xcode 3.2";
			developmentRegion = English;
			hasScannedForEncodings = 0;
			knownRegions = (
				en,
				Base,
			);
			mainGroup = BE8B37BF1B202EDA0066C386;
			productRefGroup = BE8B37C91B202EDA0066C386 /* Products */;
			projectDirPath = "";
			projectRoot = "";
			targets = (
				BE8B37C71B202EDA0066C386 /* CommunityBond */,
				BE8B37E31B202EDB0066C386 /* CommunityBondTests */,
			);
		};
/* End PBXProject section */

/* Begin PBXResourcesBuildPhase section */
		BE8B37C61B202EDA0066C386 /* Resources */ = {
			isa = PBXResourcesBuildPhase;
			buildActionMask = 2147483647;
			files = (
				BEB9B5FD1B21AC21001F95E9 /* rightMenu.xib in Resources */,
				BEADB57D1B450FD600FF0780 /* Lato-Bold.ttf in Resources */,
				BE8B37DA1B202EDB0066C386 /* Main.storyboard in Resources */,
				BEADB57F1B450FD600FF0780 /* Lato-Regular.ttf in Resources */,
				BE8B37DF1B202EDB0066C386 /* LaunchScreen.xib in Resources */,
				BECCFB9A1B257283007DE197 /* LeftMenu.xib in Resources */,
				BE8B37DC1B202EDB0066C386 /* Images.xcassets in Resources */,
				BEADB57E1B450FD600FF0780 /* Lato-Light.ttf in Resources */,
			);
			runOnlyForDeploymentPostprocessing = 0;
		};
		BE8B37E21B202EDB0066C386 /* Resources */ = {
			isa = PBXResourcesBuildPhase;
			buildActionMask = 2147483647;
			files = (
			);
			runOnlyForDeploymentPostprocessing = 0;
		};
/* End PBXResourcesBuildPhase section */

/* Begin PBXSourcesBuildPhase section */
		BE8B37C41B202EDA0066C386 /* Sources */ = {
			isa = PBXSourcesBuildPhase;
			buildActionMask = 2147483647;
			files = (
				BEB9B6001B21B095001F95E9 /* RightMenu.m in Sources */,
				BE8B37F91B204C650066C386 /* SignupViewController.m in Sources */,
				BE8B37D41B202EDA0066C386 /* CommunityBond.xcdatamodeld in Sources */,
				BE8B37FC1B2072050066C386 /* MyChannelListViewController.m in Sources */,
				BECCFBA01B25B163007DE197 /* Security&CrimeViewController.m in Sources */,
				BE8B37D11B202EDA0066C386 /* AppDelegate.m in Sources */,
				BEC6F41E1B26A69000289BDA /* CrimeTableViewCell.m in Sources */,
				BE8B37D71B202EDA0066C386 /* ViewController.m in Sources */,
				BE8B37CE1B202EDA0066C386 /* main.m in Sources */,
				BE8B37F61B202F760066C386 /* LoginViewController.m in Sources */,
				BECCFB9D1B258E02007DE197 /* LeftMenu.m in Sources */,
			);
			runOnlyForDeploymentPostprocessing = 0;
		};
		BE8B37E01B202EDB0066C386 /* Sources */ = {
			isa = PBXSourcesBuildPhase;
			buildActionMask = 2147483647;
			files = (
				BE8B37EB1B202EDB0066C386 /* CommunityBondTests.m in Sources */,
			);
			runOnlyForDeploymentPostprocessing = 0;
		};
/* End PBXSourcesBuildPhase section */

/* Begin PBXTargetDependency section */
		BE8B37E61B202EDB0066C386 /* PBXTargetDependency */ = {
			isa = PBXTargetDependency;
			target = BE8B37C71B202EDA0066C386 /* CommunityBond */;
			targetProxy = BE8B37E51B202EDB0066C386 /* PBXContainerItemProxy */;
		};
/* End PBXTargetDependency section */

/* Begin PBXVariantGroup section */
		BE8B37D81B202EDB0066C386 /* Main.storyboard */ = {
			isa = PBXVariantGroup;
			children = (
				BE8B37D91B202EDB0066C386 /* Base */,
			);
			name = Main.storyboard;
			sourceTree = "<group>";
		};
		BE8B37DD1B202EDB0066C386 /* LaunchScreen.xib */ = {
			isa = PBXVariantGroup;
			children = (
				BE8B37DE1B202EDB0066C386 /* Base */,
			);
			name = LaunchScreen.xib;
			sourceTree = "<group>";
		};
/* End PBXVariantGroup section */

/* Begin XCBuildConfiguration section */
		BE8B37EC1B202EDB0066C386 /* Debug */ = {
			isa = XCBuildConfiguration;
			buildSettings = {
				ALWAYS_SEARCH_USER_PATHS = NO;
				CLANG_CXX_LANGUAGE_STANDARD = "gnu++0x";
				CLANG_CXX_LIBRARY = "libc++";
				CLANG_ENABLE_MODULES = YES;
				CLANG_ENABLE_OBJC_ARC = YES;
				CLANG_WARN_BOOL_CONVERSION = YES;
				CLANG_WARN_CONSTANT_CONVERSION = YES;
				CLANG_WARN_DIRECT_OBJC_ISA_USAGE = YES_ERROR;
				CLANG_WARN_EMPTY_BODY = YES;
				CLANG_WARN_ENUM_CONVERSION = YES;
				CLANG_WARN_INT_CONVERSION = YES;
				CLANG_WARN_OBJC_ROOT_CLASS = YES_ERROR;
				CLANG_WARN_UNREACHABLE_CODE = YES;
				CLANG_WARN__DUPLICATE_METHOD_MATCH = YES;
				"CODE_SIGN_IDENTITY[sdk=iphoneos*]" = "iPhone Developer";
				COPY_PHASE_STRIP = NO;
				DEBUG_INFORMATION_FORMAT = "dwarf-with-dsym";
				ENABLE_STRICT_OBJC_MSGSEND = YES;
				GCC_C_LANGUAGE_STANDARD = gnu99;
				GCC_DYNAMIC_NO_PIC = NO;
				GCC_NO_COMMON_BLOCKS = YES;
				GCC_OPTIMIZATION_LEVEL = 0;
				GCC_PREPROCESSOR_DEFINITIONS = (
					"DEBUG=1",
					"$(inherited)",
				);
				GCC_SYMBOLS_PRIVATE_EXTERN = NO;
				GCC_WARN_64_TO_32_BIT_CONVERSION = YES;
				GCC_WARN_ABOUT_RETURN_TYPE = YES_ERROR;
				GCC_WARN_UNDECLARED_SELECTOR = YES;
				GCC_WARN_UNINITIALIZED_AUTOS = YES_AGGRESSIVE;
				GCC_WARN_UNUSED_FUNCTION = YES;
				GCC_WARN_UNUSED_VARIABLE = YES;
				IPHONEOS_DEPLOYMENT_TARGET = 8.3;
				MTL_ENABLE_DEBUG_INFO = YES;
				ONLY_ACTIVE_ARCH = YES;
				SDKROOT = iphoneos;
			};
			name = Debug;
		};
		BE8B37ED1B202EDB0066C386 /* Release */ = {
			isa = XCBuildConfiguration;
			buildSettings = {
				ALWAYS_SEARCH_USER_PATHS = NO;
				CLANG_CXX_LANGUAGE_STANDARD = "gnu++0x";
				CLANG_CXX_LIBRARY = "libc++";
				CLANG_ENABLE_MODULES = YES;
				CLANG_ENABLE_OBJC_ARC = YES;
				CLANG_WARN_BOOL_CONVERSION = YES;
				CLANG_WARN_CONSTANT_CONVERSION = YES;
				CLANG_WARN_DIRECT_OBJC_ISA_USAGE = YES_ERROR;
				CLANG_WARN_EMPTY_BODY = YES;
				CLANG_WARN_ENUM_CONVERSION = YES;
				CLANG_WARN_INT_CONVERSION = YES;
				CLANG_WARN_OBJC_ROOT_CLASS = YES_ERROR;
				CLANG_WARN_UNREACHABLE_CODE = YES;
				CLANG_WARN__DUPLICATE_METHOD_MATCH = YES;
				"CODE_SIGN_IDENTITY[sdk=iphoneos*]" = "iPhone Developer";
				COPY_PHASE_STRIP = NO;
				DEBUG_INFORMATION_FORMAT = "dwarf-with-dsym";
				ENABLE_NS_ASSERTIONS = NO;
				ENABLE_STRICT_OBJC_MSGSEND = YES;
				GCC_C_LANGUAGE_STANDARD = gnu99;
				GCC_NO_COMMON_BLOCKS = YES;
				GCC_WARN_64_TO_32_BIT_CONVERSION = YES;
				GCC_WARN_ABOUT_RETURN_TYPE = YES_ERROR;
				GCC_WARN_UNDECLARED_SELECTOR = YES;
				GCC_WARN_UNINITIALIZED_AUTOS = YES_AGGRESSIVE;
				GCC_WARN_UNUSED_FUNCTION = YES;
				GCC_WARN_UNUSED_VARIABLE = YES;
				IPHONEOS_DEPLOYMENT_TARGET = 8.3;
				MTL_ENABLE_DEBUG_INFO = NO;
				SDKROOT = iphoneos;
				VALIDATE_PRODUCT = YES;
			};
			name = Release;
		};
		BE8B37EF1B202EDB0066C386 /* Debug */ = {
			isa = XCBuildConfiguration;
			buildSettings = {
				ASSETCATALOG_COMPILER_APPICON_NAME = AppIcon;
				INFOPLIST_FILE = CommunityBond/Info.plist;
				LD_RUNPATH_SEARCH_PATHS = "$(inherited) @executable_path/Frameworks";
				PRODUCT_NAME = "$(TARGET_NAME)";
			};
			name = Debug;
		};
		BE8B37F01B202EDB0066C386 /* Release */ = {
			isa = XCBuildConfiguration;
			buildSettings = {
				ASSETCATALOG_COMPILER_APPICON_NAME = AppIcon;
				INFOPLIST_FILE = CommunityBond/Info.plist;
				LD_RUNPATH_SEARCH_PATHS = "$(inherited) @executable_path/Frameworks";
				PRODUCT_NAME = "$(TARGET_NAME)";
			};
			name = Release;
		};
		BE8B37F21B202EDB0066C386 /* Debug */ = {
			isa = XCBuildConfiguration;
			buildSettings = {
				BUNDLE_LOADER = "$(TEST_HOST)";
				FRAMEWORK_SEARCH_PATHS = (
					"$(SDKROOT)/Developer/Library/Frameworks",
					"$(inherited)",
				);
				GCC_PREPROCESSOR_DEFINITIONS = (
					"DEBUG=1",
					"$(inherited)",
				);
				INFOPLIST_FILE = CommunityBondTests/Info.plist;
				LD_RUNPATH_SEARCH_PATHS = "$(inherited) @executable_path/Frameworks @loader_path/Frameworks";
				PRODUCT_NAME = "$(TARGET_NAME)";
				TEST_HOST = "$(BUILT_PRODUCTS_DIR)/CommunityBond.app/CommunityBond";
			};
			name = Debug;
		};
		BE8B37F31B202EDB0066C386 /* Release */ = {
			isa = XCBuildConfiguration;
			buildSettings = {
				BUNDLE_LOADER = "$(TEST_HOST)";
				FRAMEWORK_SEARCH_PATHS = (
					"$(SDKROOT)/Developer/Library/Frameworks",
					"$(inherited)",
				);
				INFOPLIST_FILE = CommunityBondTests/Info.plist;
				LD_RUNPATH_SEARCH_PATHS = "$(inherited) @executable_path/Frameworks @loader_path/Frameworks";
				PRODUCT_NAME = "$(TARGET_NAME)";
				TEST_HOST = "$(BUILT_PRODUCTS_DIR)/CommunityBond.app/CommunityBond";
			};
			name = Release;
		};
/* End XCBuildConfiguration section */

/* Begin XCConfigurationList section */
		BE8B37C31B202EDA0066C386 /* Build configuration list for PBXProject "CommunityBond" */ = {
			isa = XCConfigurationList;
			buildConfigurations = (
				BE8B37EC1B202EDB0066C386 /* Debug */,
				BE8B37ED1B202EDB0066C386 /* Release */,
			);
			defaultConfigurationIsVisible = 0;
			defaultConfigurationName = Release;
		};
		BE8B37EE1B202EDB0066C386 /* Build configuration list for PBXNativeTarget "CommunityBond" */ = {
			isa = XCConfigurationList;
			buildConfigurations = (
				BE8B37EF1B202EDB0066C386 /* Debug */,
				BE8B37F01B202EDB0066C386 /* Release */,
			);
			defaultConfigurationIsVisible = 0;
			defaultConfigurationName = Release;
		};
		BE8B37F11B202EDB0066C386 /* Build configuration list for PBXNativeTarget "CommunityBondTests" */ = {
			isa = XCConfigurationList;
			buildConfigurations = (
				BE8B37F21B202EDB0066C386 /* Debug */,
				BE8B37F31B202EDB0066C386 /* Release */,
			);
			defaultConfigurationIsVisible = 0;
			defaultConfigurationName = Release;
		};
/* End XCConfigurationList section */

/* Begin XCVersionGroup section */
		BE8B37D21B202EDA0066C386 /* CommunityBond.xcdatamodeld */ = {
			isa = XCVersionGroup;
			children = (
				BE8B37D31B202EDA0066C386 /* CommunityBond.xcdatamodel */,
			);
			currentVersion = BE8B37D31B202EDA0066C386 /* CommunityBond.xcdatamodel */;
			path = CommunityBond.xcdatamodeld;
			sourceTree = "<group>";
			versionGroupType = wrapper.xcdatamodel;
		};
/* End XCVersionGroup section */
	};
	rootObject = BE8B37C01B202EDA0066C386 /* Project object */;
}
